// !$*UTF8*$!
{
	archiveVersion = 1;
	classes = {
	};
	objectVersion = 46;
	objects = {

/* Begin PBXBuildFile section */
		1C5416525914A74D95FD6B31 /* Pods_CircuitSDK_Tests.framework in Frameworks */ = {isa = PBXBuildFile; fileRef = F78EA7F4C31BF39DE021DC98 /* Pods_CircuitSDK_Tests.framework */; };
		6003F5B0195388D20070C39A /* XCTest.framework in Frameworks */ = {isa = PBXBuildFile; fileRef = 6003F5AF195388D20070C39A /* XCTest.framework */; };
		6003F5B1195388D20070C39A /* Foundation.framework in Frameworks */ = {isa = PBXBuildFile; fileRef = 6003F58D195388D20070C39A /* Foundation.framework */; };
		6003F5B2195388D20070C39A /* UIKit.framework in Frameworks */ = {isa = PBXBuildFile; fileRef = 6003F591195388D20070C39A /* UIKit.framework */; };
		6003F5BA195388D20070C39A /* InfoPlist.strings in Resources */ = {isa = PBXBuildFile; fileRef = 6003F5B8195388D20070C39A /* InfoPlist.strings */; };
		662441766E62EF5F96511726 /* Pods_SampleApp.framework in Frameworks */ = {isa = PBXBuildFile; fileRef = B4864D3BA1211B1061FB41E6 /* Pods_SampleApp.framework */; };
		DB2D82DC2094774A00CDB1FB /* CallScreenManager.swift in Sources */ = {isa = PBXBuildFile; fileRef = DB2D82DB2094774A00CDB1FB /* CallScreenManager.swift */; };
		DB38BE1620A0789800C86FB4 /* Call.swift in Sources */ = {isa = PBXBuildFile; fileRef = DB38BE1520A0789800C86FB4 /* Call.swift */; };
		DB38BE1E20A078EA00C86FB4 /* ConferenceBannerView.swift in Sources */ = {isa = PBXBuildFile; fileRef = DB38BE1D20A078EA00C86FB4 /* ConferenceBannerView.swift */; };
		DB545BAA20768F4F00CB2B63 /* UIColor+SampleApp.swift in Sources */ = {isa = PBXBuildFile; fileRef = DB545BA920768F4F00CB2B63 /* UIColor+SampleApp.swift */; };
		DB8B4F0520764CD500399A72 /* CallView.swift in Sources */ = {isa = PBXBuildFile; fileRef = DB8B4F0420764CD500399A72 /* CallView.swift */; };
		DBDCEBC9207782F000BCC990 /* CallDataSource.swift in Sources */ = {isa = PBXBuildFile; fileRef = DBDCEBC8207782F000BCC990 /* CallDataSource.swift */; };
		DBFDCFAC207502AD0032A254 /* CallViewController.swift in Sources */ = {isa = PBXBuildFile; fileRef = DBFDCFAB207502AD0032A254 /* CallViewController.swift */; };
		E668A680204445A8002BE53E /* MessageAreaView.swift in Sources */ = {isa = PBXBuildFile; fileRef = E668A67F204445A8002BE53E /* MessageAreaView.swift */; };
		E6D57FCA1FD96BE30051D6B1 /* MockXMLHttpRequest.m in Sources */ = {isa = PBXBuildFile; fileRef = E6D57FC91FD96BE30051D6B1 /* MockXMLHttpRequest.m */; };
		E6E5F6D51FD94C9700E5515B /* User.swift in Sources */ = {isa = PBXBuildFile; fileRef = E6E5F6B71FD94C9700E5515B /* User.swift */; };
		E6E5F6D61FD94C9700E5515B /* UserDataSource.swift in Sources */ = {isa = PBXBuildFile; fileRef = E6E5F6B81FD94C9700E5515B /* UserDataSource.swift */; };
		E6E5F6D71FD94C9700E5515B /* LaunchScreen.storyboard in Resources */ = {isa = PBXBuildFile; fileRef = E6E5F6BA1FD94C9700E5515B /* LaunchScreen.storyboard */; };
		E6E5F6D81FD94C9700E5515B /* Main.storyboard in Resources */ = {isa = PBXBuildFile; fileRef = E6E5F6BC1FD94C9700E5515B /* Main.storyboard */; };
		E6E5F6D91FD94C9700E5515B /* ImageView+Kingfisher.swift in Sources */ = {isa = PBXBuildFile; fileRef = E6E5F6BF1FD94C9700E5515B /* ImageView+Kingfisher.swift */; };
		E6E5F6DA1FD94C9700E5515B /* Utils.swift in Sources */ = {isa = PBXBuildFile; fileRef = E6E5F6C01FD94C9700E5515B /* Utils.swift */; };
		E6E5F6DB1FD94C9700E5515B /* Conversation.swift in Sources */ = {isa = PBXBuildFile; fileRef = E6E5F6C31FD94C9700E5515B /* Conversation.swift */; };
		E6E5F6DC1FD94C9700E5515B /* ConversationDataSource.swift in Sources */ = {isa = PBXBuildFile; fileRef = E6E5F6C41FD94C9700E5515B /* ConversationDataSource.swift */; };
		E6E5F6DD1FD94C9700E5515B /* ConversationsTableViewController.swift in Sources */ = {isa = PBXBuildFile; fileRef = E6E5F6C51FD94C9700E5515B /* ConversationsTableViewController.swift */; };
		E6E5F6DE1FD94C9700E5515B /* ConversationTableViewCell.swift in Sources */ = {isa = PBXBuildFile; fileRef = E6E5F6C61FD94C9700E5515B /* ConversationTableViewCell.swift */; };
		E6E5F6DF1FD94C9700E5515B /* CreateConversationCollectionViewCell.swift in Sources */ = {isa = PBXBuildFile; fileRef = E6E5F6C81FD94C9700E5515B /* CreateConversationCollectionViewCell.swift */; };
		E6E5F6E01FD94C9700E5515B /* CreateConversationViewController.swift in Sources */ = {isa = PBXBuildFile; fileRef = E6E5F6C91FD94C9700E5515B /* CreateConversationViewController.swift */; };
		E6E5F6E11FD94C9700E5515B /* ConversationItem.swift in Sources */ = {isa = PBXBuildFile; fileRef = E6E5F6CB1FD94C9700E5515B /* ConversationItem.swift */; };
		E6E5F6E21FD94C9700E5515B /* ConversationItemDataSource.swift in Sources */ = {isa = PBXBuildFile; fileRef = E6E5F6CC1FD94C9700E5515B /* ConversationItemDataSource.swift */; };
		E6E5F6E31FD94C9700E5515B /* DetailConversationTableViewCell.swift in Sources */ = {isa = PBXBuildFile; fileRef = E6E5F6CD1FD94C9700E5515B /* DetailConversationTableViewCell.swift */; };
		E6E5F6E41FD94C9700E5515B /* DetailConversationViewController.swift in Sources */ = {isa = PBXBuildFile; fileRef = E6E5F6CE1FD94C9700E5515B /* DetailConversationViewController.swift */; };
		E6E5F6E51FD94C9700E5515B /* Assets.xcassets in Resources */ = {isa = PBXBuildFile; fileRef = E6E5F6CF1FD94C9700E5515B /* Assets.xcassets */; };
		E6E5F6E61FD94C9700E5515B /* LoginViewController.swift in Sources */ = {isa = PBXBuildFile; fileRef = E6E5F6D11FD94C9700E5515B /* LoginViewController.swift */; };
		E6E5F6E71FD94C9700E5515B /* AppDelegate.swift in Sources */ = {isa = PBXBuildFile; fileRef = E6E5F6D31FD94C9700E5515B /* AppDelegate.swift */; };
		E6E5F6EE1FD9565D00E5515B /* ClientTests.m in Sources */ = {isa = PBXBuildFile; fileRef = E6E5F6ED1FD9565C00E5515B /* ClientTests.m */; };
		E6E5F6F21FD9566C00E5515B /* MockClient.m in Sources */ = {isa = PBXBuildFile; fileRef = E6E5F6F11FD9566C00E5515B /* MockClient.m */; };
/* End PBXBuildFile section */

/* Begin PBXContainerItemProxy section */
		E6E5F6F31FD95AC500E5515B /* PBXContainerItemProxy */ = {
			isa = PBXContainerItemProxy;
			containerPortal = 6003F582195388D10070C39A /* Project object */;
			proxyType = 1;
			remoteGlobalIDString = E6E5F65D1FD94AFB00E5515B;
			remoteInfo = SampleApp;
		};
/* End PBXContainerItemProxy section */

/* Begin PBXFileReference section */
		366439426865236F71D97B24 /* LICENSE */ = {isa = PBXFileReference; includeInIndex = 1; lastKnownFileType = text; name = LICENSE; path = ../LICENSE; sourceTree = "<group>"; };
		6003F58D195388D20070C39A /* Foundation.framework */ = {isa = PBXFileReference; lastKnownFileType = wrapper.framework; name = Foundation.framework; path = System/Library/Frameworks/Foundation.framework; sourceTree = SDKROOT; };
		6003F58F195388D20070C39A /* CoreGraphics.framework */ = {isa = PBXFileReference; lastKnownFileType = wrapper.framework; name = CoreGraphics.framework; path = System/Library/Frameworks/CoreGraphics.framework; sourceTree = SDKROOT; };
		6003F591195388D20070C39A /* UIKit.framework */ = {isa = PBXFileReference; lastKnownFileType = wrapper.framework; name = UIKit.framework; path = System/Library/Frameworks/UIKit.framework; sourceTree = SDKROOT; };
		6003F5AE195388D20070C39A /* CircuitSDK_Tests.xctest */ = {isa = PBXFileReference; explicitFileType = wrapper.cfbundle; includeInIndex = 0; path = CircuitSDK_Tests.xctest; sourceTree = BUILT_PRODUCTS_DIR; };
		6003F5AF195388D20070C39A /* XCTest.framework */ = {isa = PBXFileReference; lastKnownFileType = wrapper.framework; name = XCTest.framework; path = Library/Frameworks/XCTest.framework; sourceTree = DEVELOPER_DIR; };
		6003F5B7195388D20070C39A /* Tests-Info.plist */ = {isa = PBXFileReference; lastKnownFileType = text.plist.xml; path = "Tests-Info.plist"; sourceTree = "<group>"; };
		6003F5B9195388D20070C39A /* en */ = {isa = PBXFileReference; lastKnownFileType = text.plist.strings; name = en; path = en.lproj/InfoPlist.strings; sourceTree = "<group>"; };
		606FC2411953D9B200FFA9A0 /* Tests-Prefix.pch */ = {isa = PBXFileReference; lastKnownFileType = sourcecode.c.h; path = "Tests-Prefix.pch"; sourceTree = "<group>"; };
		69B5F223F91AE69C0C662EF2 /* CircuitSDK.podspec */ = {isa = PBXFileReference; includeInIndex = 1; lastKnownFileType = text; name = CircuitSDK.podspec; path = ../CircuitSDK.podspec; sourceTree = "<group>"; xcLanguageSpecificationIdentifier = xcode.lang.ruby; };
		90B7AC85D6D19A309A8A7E34 /* README.md */ = {isa = PBXFileReference; includeInIndex = 1; lastKnownFileType = net.daringfireball.markdown; name = README.md; path = ../README.md; sourceTree = "<group>"; };
		97D431B562D17D95F253F8E3 /* Pods-CircuitSDK_Tests.release.xcconfig */ = {isa = PBXFileReference; includeInIndex = 1; lastKnownFileType = text.xcconfig; name = "Pods-CircuitSDK_Tests.release.xcconfig"; path = "Pods/Target Support Files/Pods-CircuitSDK_Tests/Pods-CircuitSDK_Tests.release.xcconfig"; sourceTree = "<group>"; };
		B23DD8A9E3EE161BF317379D /* Pods-CircuitSDK_Tests.debug.xcconfig */ = {isa = PBXFileReference; includeInIndex = 1; lastKnownFileType = text.xcconfig; name = "Pods-CircuitSDK_Tests.debug.xcconfig"; path = "Pods/Target Support Files/Pods-CircuitSDK_Tests/Pods-CircuitSDK_Tests.debug.xcconfig"; sourceTree = "<group>"; };
		B4864D3BA1211B1061FB41E6 /* Pods_SampleApp.framework */ = {isa = PBXFileReference; explicitFileType = wrapper.framework; includeInIndex = 0; path = Pods_SampleApp.framework; sourceTree = BUILT_PRODUCTS_DIR; };
		B6BC52C7FDE8F0922EEED987 /* Pods-SampleApp.release.xcconfig */ = {isa = PBXFileReference; includeInIndex = 1; lastKnownFileType = text.xcconfig; name = "Pods-SampleApp.release.xcconfig"; path = "Pods/Target Support Files/Pods-SampleApp/Pods-SampleApp.release.xcconfig"; sourceTree = "<group>"; };
		DB2D82DB2094774A00CDB1FB /* CallScreenManager.swift */ = {isa = PBXFileReference; lastKnownFileType = sourcecode.swift; path = CallScreenManager.swift; sourceTree = "<group>"; };
		DB38BE1520A0789800C86FB4 /* Call.swift */ = {isa = PBXFileReference; lastKnownFileType = sourcecode.swift; path = Call.swift; sourceTree = "<group>"; };
		DB38BE1D20A078EA00C86FB4 /* ConferenceBannerView.swift */ = {isa = PBXFileReference; lastKnownFileType = sourcecode.swift; path = ConferenceBannerView.swift; sourceTree = "<group>"; };
		DB545BA920768F4F00CB2B63 /* UIColor+SampleApp.swift */ = {isa = PBXFileReference; lastKnownFileType = sourcecode.swift; path = "UIColor+SampleApp.swift"; sourceTree = "<group>"; };
		DB8B4F0420764CD500399A72 /* CallView.swift */ = {isa = PBXFileReference; lastKnownFileType = sourcecode.swift; path = CallView.swift; sourceTree = "<group>"; };
		DBDCEBC8207782F000BCC990 /* CallDataSource.swift */ = {isa = PBXFileReference; lastKnownFileType = sourcecode.swift; path = CallDataSource.swift; sourceTree = "<group>"; };
		DBFDCFAB207502AD0032A254 /* CallViewController.swift */ = {isa = PBXFileReference; lastKnownFileType = sourcecode.swift; path = CallViewController.swift; sourceTree = "<group>"; };
		E116D84F00A416EB3DF3951E /* Pods-SampleApp.debug.xcconfig */ = {isa = PBXFileReference; includeInIndex = 1; lastKnownFileType = text.xcconfig; name = "Pods-SampleApp.debug.xcconfig"; path = "Pods/Target Support Files/Pods-SampleApp/Pods-SampleApp.debug.xcconfig"; sourceTree = "<group>"; };
		E668A67F204445A8002BE53E /* MessageAreaView.swift */ = {isa = PBXFileReference; lastKnownFileType = sourcecode.swift; path = MessageAreaView.swift; sourceTree = "<group>"; };
		E6D57FC81FD96BE30051D6B1 /* MockXMLHttpRequest.h */ = {isa = PBXFileReference; fileEncoding = 4; lastKnownFileType = sourcecode.c.h; path = MockXMLHttpRequest.h; sourceTree = "<group>"; };
		E6D57FC91FD96BE30051D6B1 /* MockXMLHttpRequest.m */ = {isa = PBXFileReference; fileEncoding = 4; lastKnownFileType = sourcecode.c.objc; path = MockXMLHttpRequest.m; sourceTree = "<group>"; };
		E6E5F65E1FD94AFB00E5515B /* SampleApp.app */ = {isa = PBXFileReference; explicitFileType = wrapper.application; includeInIndex = 0; path = SampleApp.app; sourceTree = BUILT_PRODUCTS_DIR; };
		E6E5F66C1FD94AFB00E5515B /* Info.plist */ = {isa = PBXFileReference; lastKnownFileType = text.plist.xml; path = Info.plist; sourceTree = "<group>"; };
		E6E5F6B71FD94C9700E5515B /* User.swift */ = {isa = PBXFileReference; fileEncoding = 4; lastKnownFileType = sourcecode.swift; path = User.swift; sourceTree = "<group>"; };
		E6E5F6B81FD94C9700E5515B /* UserDataSource.swift */ = {isa = PBXFileReference; fileEncoding = 4; lastKnownFileType = sourcecode.swift; path = UserDataSource.swift; sourceTree = "<group>"; };
		E6E5F6BB1FD94C9700E5515B /* Base */ = {isa = PBXFileReference; lastKnownFileType = file.storyboard; name = Base; path = LaunchScreen.storyboard; sourceTree = "<group>"; };
		E6E5F6BD1FD94C9700E5515B /* Base */ = {isa = PBXFileReference; lastKnownFileType = file.storyboard; name = Base; path = Main.storyboard; sourceTree = "<group>"; };
		E6E5F6BF1FD94C9700E5515B /* ImageView+Kingfisher.swift */ = {isa = PBXFileReference; fileEncoding = 4; lastKnownFileType = sourcecode.swift; path = "ImageView+Kingfisher.swift"; sourceTree = "<group>"; };
		E6E5F6C01FD94C9700E5515B /* Utils.swift */ = {isa = PBXFileReference; fileEncoding = 4; lastKnownFileType = sourcecode.swift; path = Utils.swift; sourceTree = "<group>"; };
		E6E5F6C31FD94C9700E5515B /* Conversation.swift */ = {isa = PBXFileReference; fileEncoding = 4; lastKnownFileType = sourcecode.swift; path = Conversation.swift; sourceTree = "<group>"; };
		E6E5F6C41FD94C9700E5515B /* ConversationDataSource.swift */ = {isa = PBXFileReference; fileEncoding = 4; lastKnownFileType = sourcecode.swift; path = ConversationDataSource.swift; sourceTree = "<group>"; };
		E6E5F6C51FD94C9700E5515B /* ConversationsTableViewController.swift */ = {isa = PBXFileReference; fileEncoding = 4; lastKnownFileType = sourcecode.swift; path = ConversationsTableViewController.swift; sourceTree = "<group>"; };
		E6E5F6C61FD94C9700E5515B /* ConversationTableViewCell.swift */ = {isa = PBXFileReference; fileEncoding = 4; lastKnownFileType = sourcecode.swift; path = ConversationTableViewCell.swift; sourceTree = "<group>"; };
		E6E5F6C81FD94C9700E5515B /* CreateConversationCollectionViewCell.swift */ = {isa = PBXFileReference; fileEncoding = 4; lastKnownFileType = sourcecode.swift; path = CreateConversationCollectionViewCell.swift; sourceTree = "<group>"; };
		E6E5F6C91FD94C9700E5515B /* CreateConversationViewController.swift */ = {isa = PBXFileReference; fileEncoding = 4; lastKnownFileType = sourcecode.swift; path = CreateConversationViewController.swift; sourceTree = "<group>"; };
		E6E5F6CB1FD94C9700E5515B /* ConversationItem.swift */ = {isa = PBXFileReference; fileEncoding = 4; lastKnownFileType = sourcecode.swift; path = ConversationItem.swift; sourceTree = "<group>"; };
		E6E5F6CC1FD94C9700E5515B /* ConversationItemDataSource.swift */ = {isa = PBXFileReference; fileEncoding = 4; lastKnownFileType = sourcecode.swift; path = ConversationItemDataSource.swift; sourceTree = "<group>"; };
		E6E5F6CD1FD94C9700E5515B /* DetailConversationTableViewCell.swift */ = {isa = PBXFileReference; fileEncoding = 4; lastKnownFileType = sourcecode.swift; path = DetailConversationTableViewCell.swift; sourceTree = "<group>"; };
		E6E5F6CE1FD94C9700E5515B /* DetailConversationViewController.swift */ = {isa = PBXFileReference; fileEncoding = 4; lastKnownFileType = sourcecode.swift; path = DetailConversationViewController.swift; sourceTree = "<group>"; };
		E6E5F6CF1FD94C9700E5515B /* Assets.xcassets */ = {isa = PBXFileReference; lastKnownFileType = folder.assetcatalog; path = Assets.xcassets; sourceTree = "<group>"; };
		E6E5F6D11FD94C9700E5515B /* LoginViewController.swift */ = {isa = PBXFileReference; fileEncoding = 4; lastKnownFileType = sourcecode.swift; path = LoginViewController.swift; sourceTree = "<group>"; };
		E6E5F6D31FD94C9700E5515B /* AppDelegate.swift */ = {isa = PBXFileReference; fileEncoding = 4; lastKnownFileType = sourcecode.swift; path = AppDelegate.swift; sourceTree = "<group>"; };
		E6E5F6ED1FD9565C00E5515B /* ClientTests.m */ = {isa = PBXFileReference; fileEncoding = 4; lastKnownFileType = sourcecode.c.objc; path = ClientTests.m; sourceTree = "<group>"; };
		E6E5F6F01FD9566C00E5515B /* MockClient.h */ = {isa = PBXFileReference; fileEncoding = 4; lastKnownFileType = sourcecode.c.h; path = MockClient.h; sourceTree = "<group>"; };
		E6E5F6F11FD9566C00E5515B /* MockClient.m */ = {isa = PBXFileReference; fileEncoding = 4; lastKnownFileType = sourcecode.c.objc; path = MockClient.m; sourceTree = "<group>"; };
		F78EA7F4C31BF39DE021DC98 /* Pods_CircuitSDK_Tests.framework */ = {isa = PBXFileReference; explicitFileType = wrapper.framework; includeInIndex = 0; path = Pods_CircuitSDK_Tests.framework; sourceTree = BUILT_PRODUCTS_DIR; };
/* End PBXFileReference section */

/* Begin PBXFrameworksBuildPhase section */
		6003F5AB195388D20070C39A /* Frameworks */ = {
			isa = PBXFrameworksBuildPhase;
			buildActionMask = 2147483647;
			files = (
				6003F5B0195388D20070C39A /* XCTest.framework in Frameworks */,
				6003F5B2195388D20070C39A /* UIKit.framework in Frameworks */,
				6003F5B1195388D20070C39A /* Foundation.framework in Frameworks */,
				1C5416525914A74D95FD6B31 /* Pods_CircuitSDK_Tests.framework in Frameworks */,
			);
			runOnlyForDeploymentPostprocessing = 0;
		};
		E6E5F65B1FD94AFB00E5515B /* Frameworks */ = {
			isa = PBXFrameworksBuildPhase;
			buildActionMask = 2147483647;
			files = (
				662441766E62EF5F96511726 /* Pods_SampleApp.framework in Frameworks */,
			);
			runOnlyForDeploymentPostprocessing = 0;
		};
/* End PBXFrameworksBuildPhase section */

/* Begin PBXGroup section */
		6003F581195388D10070C39A = {
			isa = PBXGroup;
			children = (
				60FF7A9C1954A5C5007DD14C /* Podspec Metadata */,
				6003F5B5195388D20070C39A /* Tests */,
				E6E5F65F1FD94AFB00E5515B /* SampleApp */,
				6003F58C195388D20070C39A /* Frameworks */,
				6003F58B195388D20070C39A /* Products */,
				E0B1BFB150BE326A7AE49D2C /* Pods */,
			);
			sourceTree = "<group>";
		};
		6003F58B195388D20070C39A /* Products */ = {
			isa = PBXGroup;
			children = (
				6003F5AE195388D20070C39A /* CircuitSDK_Tests.xctest */,
				E6E5F65E1FD94AFB00E5515B /* SampleApp.app */,
			);
			name = Products;
			sourceTree = "<group>";
		};
		6003F58C195388D20070C39A /* Frameworks */ = {
			isa = PBXGroup;
			children = (
				6003F58D195388D20070C39A /* Foundation.framework */,
				6003F58F195388D20070C39A /* CoreGraphics.framework */,
				6003F591195388D20070C39A /* UIKit.framework */,
				6003F5AF195388D20070C39A /* XCTest.framework */,
				F78EA7F4C31BF39DE021DC98 /* Pods_CircuitSDK_Tests.framework */,
				B4864D3BA1211B1061FB41E6 /* Pods_SampleApp.framework */,
			);
			name = Frameworks;
			sourceTree = "<group>";
		};
		6003F5B5195388D20070C39A /* Tests */ = {
			isa = PBXGroup;
			children = (
				E6E5F6EF1FD9566C00E5515B /* Mocks */,
				E6E5F6ED1FD9565C00E5515B /* ClientTests.m */,
				6003F5B6195388D20070C39A /* Supporting Files */,
			);
			path = Tests;
			sourceTree = "<group>";
		};
		6003F5B6195388D20070C39A /* Supporting Files */ = {
			isa = PBXGroup;
			children = (
				6003F5B7195388D20070C39A /* Tests-Info.plist */,
				6003F5B8195388D20070C39A /* InfoPlist.strings */,
				606FC2411953D9B200FFA9A0 /* Tests-Prefix.pch */,
			);
			name = "Supporting Files";
			sourceTree = "<group>";
		};
		60FF7A9C1954A5C5007DD14C /* Podspec Metadata */ = {
			isa = PBXGroup;
			children = (
				69B5F223F91AE69C0C662EF2 /* CircuitSDK.podspec */,
				90B7AC85D6D19A309A8A7E34 /* README.md */,
				366439426865236F71D97B24 /* LICENSE */,
			);
			name = "Podspec Metadata";
			sourceTree = "<group>";
		};
		DBFDCFAD207502B60032A254 /* Calls */ = {
			isa = PBXGroup;
			children = (
				DB38BE1520A0789800C86FB4 /* Call.swift */,
				DBDCEBC8207782F000BCC990 /* CallDataSource.swift */,
				DB2D82DB2094774A00CDB1FB /* CallScreenManager.swift */,
				DB8B4F0420764CD500399A72 /* CallView.swift */,
				DBFDCFAB207502AD0032A254 /* CallViewController.swift */,
				DB38BE1D20A078EA00C86FB4 /* ConferenceBannerView.swift */,
			);
			path = Calls;
			sourceTree = "<group>";
		};
		E0B1BFB150BE326A7AE49D2C /* Pods */ = {
			isa = PBXGroup;
			children = (
				B23DD8A9E3EE161BF317379D /* Pods-CircuitSDK_Tests.debug.xcconfig */,
				97D431B562D17D95F253F8E3 /* Pods-CircuitSDK_Tests.release.xcconfig */,
				E116D84F00A416EB3DF3951E /* Pods-SampleApp.debug.xcconfig */,
				B6BC52C7FDE8F0922EEED987 /* Pods-SampleApp.release.xcconfig */,
			);
			name = Pods;
			sourceTree = "<group>";
		};
		E6E5F65F1FD94AFB00E5515B /* SampleApp */ = {
			isa = PBXGroup;
			children = (
				E6E5F66C1FD94AFB00E5515B /* Info.plist */,
				E6E5F6CF1FD94C9700E5515B /* Assets.xcassets */,
				E6E5F6B91FD94C9700E5515B /* Base.lproj */,
				DBFDCFAD207502B60032A254 /* Calls */,
				E6E5F6C11FD94C9700E5515B /* Conversation */,
				E6E5F6D01FD94C9700E5515B /* Login */,
				E6E5F6D21FD94C9700E5515B /* Resources */,
				E6E5F6B61FD94C9700E5515B /* User */,
				E6E5F6BE1FD94C9700E5515B /* Utilities */,
			);
			path = SampleApp;
			sourceTree = "<group>";
		};
		E6E5F6B61FD94C9700E5515B /* User */ = {
			isa = PBXGroup;
			children = (
				E6E5F6B71FD94C9700E5515B /* User.swift */,
				E6E5F6B81FD94C9700E5515B /* UserDataSource.swift */,
			);
			path = User;
			sourceTree = "<group>";
		};
		E6E5F6B91FD94C9700E5515B /* Base.lproj */ = {
			isa = PBXGroup;
			children = (
				E6E5F6BA1FD94C9700E5515B /* LaunchScreen.storyboard */,
				E6E5F6BC1FD94C9700E5515B /* Main.storyboard */,
			);
			path = Base.lproj;
			sourceTree = "<group>";
		};
		E6E5F6BE1FD94C9700E5515B /* Utilities */ = {
			isa = PBXGroup;
			children = (
				DB545BA920768F4F00CB2B63 /* UIColor+SampleApp.swift */,
				E6E5F6BF1FD94C9700E5515B /* ImageView+Kingfisher.swift */,
				E6E5F6C01FD94C9700E5515B /* Utils.swift */,
			);
			path = Utilities;
			sourceTree = "<group>";
		};
		E6E5F6C11FD94C9700E5515B /* Conversation */ = {
			isa = PBXGroup;
			children = (
				E6E5F6C21FD94C9700E5515B /* ConversationSelector */,
				E6E5F6C71FD94C9700E5515B /* Creation */,
				E6E5F6CA1FD94C9700E5515B /* DetailedView */,
			);
			path = Conversation;
			sourceTree = "<group>";
		};
		E6E5F6C21FD94C9700E5515B /* ConversationSelector */ = {
			isa = PBXGroup;
			children = (
				E6E5F6C31FD94C9700E5515B /* Conversation.swift */,
				E6E5F6C41FD94C9700E5515B /* ConversationDataSource.swift */,
				E6E5F6C51FD94C9700E5515B /* ConversationsTableViewController.swift */,
				E6E5F6C61FD94C9700E5515B /* ConversationTableViewCell.swift */,
			);
			path = ConversationSelector;
			sourceTree = "<group>";
		};
		E6E5F6C71FD94C9700E5515B /* Creation */ = {
			isa = PBXGroup;
			children = (
				E6E5F6C81FD94C9700E5515B /* CreateConversationCollectionViewCell.swift */,
				E6E5F6C91FD94C9700E5515B /* CreateConversationViewController.swift */,
			);
			path = Creation;
			sourceTree = "<group>";
		};
		E6E5F6CA1FD94C9700E5515B /* DetailedView */ = {
			isa = PBXGroup;
			children = (
				E6E5F6CB1FD94C9700E5515B /* ConversationItem.swift */,
				E6E5F6CC1FD94C9700E5515B /* ConversationItemDataSource.swift */,
				E6E5F6CD1FD94C9700E5515B /* DetailConversationTableViewCell.swift */,
				E6E5F6CE1FD94C9700E5515B /* DetailConversationViewController.swift */,
				E668A67F204445A8002BE53E /* MessageAreaView.swift */,
			);
			path = DetailedView;
			sourceTree = "<group>";
		};
		E6E5F6D01FD94C9700E5515B /* Login */ = {
			isa = PBXGroup;
			children = (
				E6E5F6D11FD94C9700E5515B /* LoginViewController.swift */,
			);
			path = Login;
			sourceTree = "<group>";
		};
		E6E5F6D21FD94C9700E5515B /* Resources */ = {
			isa = PBXGroup;
			children = (
				E6E5F6D31FD94C9700E5515B /* AppDelegate.swift */,
			);
			path = Resources;
			sourceTree = "<group>";
		};
		E6E5F6EF1FD9566C00E5515B /* Mocks */ = {
			isa = PBXGroup;
			children = (
				E6D57FC81FD96BE30051D6B1 /* MockXMLHttpRequest.h */,
				E6D57FC91FD96BE30051D6B1 /* MockXMLHttpRequest.m */,
				E6E5F6F01FD9566C00E5515B /* MockClient.h */,
				E6E5F6F11FD9566C00E5515B /* MockClient.m */,
			);
			path = Mocks;
			sourceTree = "<group>";
		};
/* End PBXGroup section */

/* Begin PBXNativeTarget section */
		6003F5AD195388D20070C39A /* CircuitSDK_Tests */ = {
			isa = PBXNativeTarget;
			buildConfigurationList = 6003F5C2195388D20070C39A /* Build configuration list for PBXNativeTarget "CircuitSDK_Tests" */;
			buildPhases = (
				56477A4ED21786728699F377 /* [CP] Check Pods Manifest.lock */,
				6003F5AA195388D20070C39A /* Sources */,
				6003F5AB195388D20070C39A /* Frameworks */,
				6003F5AC195388D20070C39A /* Resources */,
				C14D3EF648F0CDA304AD5D8C /* [CP] Embed Pods Frameworks */,
			);
			buildRules = (
			);
			dependencies = (
				E6E5F6F41FD95AC500E5515B /* PBXTargetDependency */,
			);
			name = CircuitSDK_Tests;
			productName = CircuitSDKTests;
			productReference = 6003F5AE195388D20070C39A /* CircuitSDK_Tests.xctest */;
			productType = "com.apple.product-type.bundle.unit-test";
		};
		E6E5F65D1FD94AFB00E5515B /* SampleApp */ = {
			isa = PBXNativeTarget;
			buildConfigurationList = E6E5F66F1FD94AFB00E5515B /* Build configuration list for PBXNativeTarget "SampleApp" */;
			buildPhases = (
				495A4182EB2189FD0A65E04C /* [CP] Check Pods Manifest.lock */,
				E6E5F65A1FD94AFB00E5515B /* Sources */,
				E6E5F65B1FD94AFB00E5515B /* Frameworks */,
				E6E5F65C1FD94AFB00E5515B /* Resources */,
				DBB30D602087346500AB7468 /* ShellScript */,
				4135DE65A18E81428A8E0AA2 /* [CP] Embed Pods Frameworks */,
			);
			buildRules = (
			);
			dependencies = (
			);
			name = SampleApp;
			productName = SampleApp;
			productReference = E6E5F65E1FD94AFB00E5515B /* SampleApp.app */;
			productType = "com.apple.product-type.application";
		};
/* End PBXNativeTarget section */

/* Begin PBXProject section */
		6003F582195388D10070C39A /* Project object */ = {
			isa = PBXProject;
			attributes = {
				CLASSPREFIX = CKT;
				LastSwiftUpdateCheck = 0910;
				LastUpgradeCheck = 1010;
				ORGANIZATIONNAME = Timoxa84;
				TargetAttributes = {
					E6E5F65D1FD94AFB00E5515B = {
						CreatedOnToolsVersion = 9.1;
						LastSwiftMigration = 1010;
						ProvisioningStyle = Automatic;
					};
				};
			};
			buildConfigurationList = 6003F585195388D10070C39A /* Build configuration list for PBXProject "CircuitSDK" */;
			compatibilityVersion = "Xcode 3.2";
			developmentRegion = English;
			hasScannedForEncodings = 0;
			knownRegions = (
				en,
				Base,
			);
			mainGroup = 6003F581195388D10070C39A;
			productRefGroup = 6003F58B195388D20070C39A /* Products */;
			projectDirPath = "";
			projectRoot = "";
			targets = (
				E6E5F65D1FD94AFB00E5515B /* SampleApp */,
				6003F5AD195388D20070C39A /* CircuitSDK_Tests */,
			);
		};
/* End PBXProject section */

/* Begin PBXResourcesBuildPhase section */
		6003F5AC195388D20070C39A /* Resources */ = {
			isa = PBXResourcesBuildPhase;
			buildActionMask = 2147483647;
			files = (
				6003F5BA195388D20070C39A /* InfoPlist.strings in Resources */,
			);
			runOnlyForDeploymentPostprocessing = 0;
		};
		E6E5F65C1FD94AFB00E5515B /* Resources */ = {
			isa = PBXResourcesBuildPhase;
			buildActionMask = 2147483647;
			files = (
				E6E5F6D71FD94C9700E5515B /* LaunchScreen.storyboard in Resources */,
				E6E5F6E51FD94C9700E5515B /* Assets.xcassets in Resources */,
				E6E5F6D81FD94C9700E5515B /* Main.storyboard in Resources */,
			);
			runOnlyForDeploymentPostprocessing = 0;
		};
/* End PBXResourcesBuildPhase section */

/* Begin PBXShellScriptBuildPhase section */
		4135DE65A18E81428A8E0AA2 /* [CP] Embed Pods Frameworks */ = {
			isa = PBXShellScriptBuildPhase;
			buildActionMask = 2147483647;
			files = (
			);
			inputPaths = (
				"${PODS_ROOT}/Target Support Files/Pods-SampleApp/Pods-SampleApp-frameworks.sh",
				"${BUILT_PRODUCTS_DIR}/CircuitSDK/CircuitSDK.framework",
				"${BUILT_PRODUCTS_DIR}/SocketRocket/SocketRocket.framework",
				"${BUILT_PRODUCTS_DIR}/AppAuth/AppAuth.framework",
				"${BUILT_PRODUCTS_DIR}/Kingfisher/Kingfisher.framework",
			);
			name = "[CP] Embed Pods Frameworks";
			outputPaths = (
				"${TARGET_BUILD_DIR}/${FRAMEWORKS_FOLDER_PATH}/CircuitSDK.framework",
				"${TARGET_BUILD_DIR}/${FRAMEWORKS_FOLDER_PATH}/SocketRocket.framework",
				"${TARGET_BUILD_DIR}/${FRAMEWORKS_FOLDER_PATH}/AppAuth.framework",
				"${TARGET_BUILD_DIR}/${FRAMEWORKS_FOLDER_PATH}/Kingfisher.framework",
			);
			runOnlyForDeploymentPostprocessing = 0;
			shellPath = /bin/sh;
			shellScript = "\"${PODS_ROOT}/Target Support Files/Pods-SampleApp/Pods-SampleApp-frameworks.sh\"\n";
			showEnvVarsInLog = 0;
		};
		495A4182EB2189FD0A65E04C /* [CP] Check Pods Manifest.lock */ = {
			isa = PBXShellScriptBuildPhase;
			buildActionMask = 2147483647;
			files = (
			);
			inputPaths = (
				"${PODS_PODFILE_DIR_PATH}/Podfile.lock",
				"${PODS_ROOT}/Manifest.lock",
			);
			name = "[CP] Check Pods Manifest.lock";
			outputPaths = (
				"$(DERIVED_FILE_DIR)/Pods-SampleApp-checkManifestLockResult.txt",
			);
			runOnlyForDeploymentPostprocessing = 0;
			shellPath = /bin/sh;
			shellScript = "diff \"${PODS_PODFILE_DIR_PATH}/Podfile.lock\" \"${PODS_ROOT}/Manifest.lock\" > /dev/null\nif [ $? != 0 ] ; then\n    # print error to STDERR\n    echo \"error: The sandbox is not in sync with the Podfile.lock. Run 'pod install' or update your CocoaPods installation.\" >&2\n    exit 1\nfi\n# This output is used by Xcode 'outputs' to avoid re-running this script phase.\necho \"SUCCESS\" > \"${SCRIPT_OUTPUT_FILE_0}\"\n";
			showEnvVarsInLog = 0;
		};
		56477A4ED21786728699F377 /* [CP] Check Pods Manifest.lock */ = {
			isa = PBXShellScriptBuildPhase;
			buildActionMask = 2147483647;
			files = (
			);
			inputPaths = (
				"${PODS_PODFILE_DIR_PATH}/Podfile.lock",
				"${PODS_ROOT}/Manifest.lock",
			);
			name = "[CP] Check Pods Manifest.lock";
			outputPaths = (
				"$(DERIVED_FILE_DIR)/Pods-CircuitSDK_Tests-checkManifestLockResult.txt",
			);
			runOnlyForDeploymentPostprocessing = 0;
			shellPath = /bin/sh;
			shellScript = "diff \"${PODS_PODFILE_DIR_PATH}/Podfile.lock\" \"${PODS_ROOT}/Manifest.lock\" > /dev/null\nif [ $? != 0 ] ; then\n    # print error to STDERR\n    echo \"error: The sandbox is not in sync with the Podfile.lock. Run 'pod install' or update your CocoaPods installation.\" >&2\n    exit 1\nfi\n# This output is used by Xcode 'outputs' to avoid re-running this script phase.\necho \"SUCCESS\" > \"${SCRIPT_OUTPUT_FILE_0}\"\n";
			showEnvVarsInLog = 0;
		};
		C14D3EF648F0CDA304AD5D8C /* [CP] Embed Pods Frameworks */ = {
			isa = PBXShellScriptBuildPhase;
			buildActionMask = 2147483647;
			files = (
			);
			inputPaths = (
				"${PODS_ROOT}/Target Support Files/Pods-CircuitSDK_Tests/Pods-CircuitSDK_Tests-frameworks.sh",
				"${BUILT_PRODUCTS_DIR}/CircuitSDK/CircuitSDK.framework",
				"${BUILT_PRODUCTS_DIR}/SocketRocket/SocketRocket.framework",
			);
			name = "[CP] Embed Pods Frameworks";
			outputPaths = (
				"${TARGET_BUILD_DIR}/${FRAMEWORKS_FOLDER_PATH}/CircuitSDK.framework",
				"${TARGET_BUILD_DIR}/${FRAMEWORKS_FOLDER_PATH}/SocketRocket.framework",
			);
			runOnlyForDeploymentPostprocessing = 0;
			shellPath = /bin/sh;
			shellScript = "\"${PODS_ROOT}/Target Support Files/Pods-CircuitSDK_Tests/Pods-CircuitSDK_Tests-frameworks.sh\"\n";
			showEnvVarsInLog = 0;
		};
		DBB30D602087346500AB7468 /* ShellScript */ = {
			isa = PBXShellScriptBuildPhase;
			buildActionMask = 2147483647;
			files = (
			);
			inputPaths = (
			);
			outputPaths = (
			);
			runOnlyForDeploymentPostprocessing = 0;
			shellPath = /bin/sh;
			shellScript = "if which swiftlint >/dev/null; then\n    cd ${SRCROOT}/../scripts\n    ./swiftLintModified.sh\n#echo ${SRCROOT}\n\n#swiftlint\n\nelse\n    echo \"warning: SwiftLint not installed, download from https://github.com/realm/SwiftLint\"\nfi";
		};
/* End PBXShellScriptBuildPhase section */

/* Begin PBXSourcesBuildPhase section */
		6003F5AA195388D20070C39A /* Sources */ = {
			isa = PBXSourcesBuildPhase;
			buildActionMask = 2147483647;
			files = (
				E6E5F6F21FD9566C00E5515B /* MockClient.m in Sources */,
				E6D57FCA1FD96BE30051D6B1 /* MockXMLHttpRequest.m in Sources */,
				E6E5F6EE1FD9565D00E5515B /* ClientTests.m in Sources */,
			);
			runOnlyForDeploymentPostprocessing = 0;
		};
		E6E5F65A1FD94AFB00E5515B /* Sources */ = {
			isa = PBXSourcesBuildPhase;
			buildActionMask = 2147483647;
			files = (
				E6E5F6DE1FD94C9700E5515B /* ConversationTableViewCell.swift in Sources */,
				DB38BE1620A0789800C86FB4 /* Call.swift in Sources */,
				E6E5F6D51FD94C9700E5515B /* User.swift in Sources */,
				E6E5F6D61FD94C9700E5515B /* UserDataSource.swift in Sources */,
				E6E5F6E61FD94C9700E5515B /* LoginViewController.swift in Sources */,
				E668A680204445A8002BE53E /* MessageAreaView.swift in Sources */,
				E6E5F6D91FD94C9700E5515B /* ImageView+Kingfisher.swift in Sources */,
				E6E5F6E21FD94C9700E5515B /* ConversationItemDataSource.swift in Sources */,
				DBDCEBC9207782F000BCC990 /* CallDataSource.swift in Sources */,
				E6E5F6E11FD94C9700E5515B /* ConversationItem.swift in Sources */,
				E6E5F6E31FD94C9700E5515B /* DetailConversationTableViewCell.swift in Sources */,
				DB545BAA20768F4F00CB2B63 /* UIColor+SampleApp.swift in Sources */,
				DBFDCFAC207502AD0032A254 /* CallViewController.swift in Sources */,
				E6E5F6E71FD94C9700E5515B /* AppDelegate.swift in Sources */,
				E6E5F6DB1FD94C9700E5515B /* Conversation.swift in Sources */,
				E6E5F6E01FD94C9700E5515B /* CreateConversationViewController.swift in Sources */,
				E6E5F6DD1FD94C9700E5515B /* ConversationsTableViewController.swift in Sources */,
				E6E5F6E41FD94C9700E5515B /* DetailConversationViewController.swift in Sources */,
				E6E5F6DF1FD94C9700E5515B /* CreateConversationCollectionViewCell.swift in Sources */,
				E6E5F6DA1FD94C9700E5515B /* Utils.swift in Sources */,
				DB8B4F0520764CD500399A72 /* CallView.swift in Sources */,
				DB2D82DC2094774A00CDB1FB /* CallScreenManager.swift in Sources */,
				DB38BE1E20A078EA00C86FB4 /* ConferenceBannerView.swift in Sources */,
				E6E5F6DC1FD94C9700E5515B /* ConversationDataSource.swift in Sources */,
			);
			runOnlyForDeploymentPostprocessing = 0;
		};
/* End PBXSourcesBuildPhase section */

/* Begin PBXTargetDependency section */
		E6E5F6F41FD95AC500E5515B /* PBXTargetDependency */ = {
			isa = PBXTargetDependency;
			target = E6E5F65D1FD94AFB00E5515B /* SampleApp */;
			targetProxy = E6E5F6F31FD95AC500E5515B /* PBXContainerItemProxy */;
		};
/* End PBXTargetDependency section */

/* Begin PBXVariantGroup section */
		6003F5B8195388D20070C39A /* InfoPlist.strings */ = {
			isa = PBXVariantGroup;
			children = (
				6003F5B9195388D20070C39A /* en */,
			);
			name = InfoPlist.strings;
			sourceTree = "<group>";
		};
		E6E5F6BA1FD94C9700E5515B /* LaunchScreen.storyboard */ = {
			isa = PBXVariantGroup;
			children = (
				E6E5F6BB1FD94C9700E5515B /* Base */,
			);
			name = LaunchScreen.storyboard;
			sourceTree = "<group>";
		};
		E6E5F6BC1FD94C9700E5515B /* Main.storyboard */ = {
			isa = PBXVariantGroup;
			children = (
				E6E5F6BD1FD94C9700E5515B /* Base */,
			);
			name = Main.storyboard;
			sourceTree = "<group>";
		};
/* End PBXVariantGroup section */

/* Begin XCBuildConfiguration section */
		6003F5BD195388D20070C39A /* Debug */ = {
			isa = XCBuildConfiguration;
			buildSettings = {
				ALWAYS_SEARCH_USER_PATHS = NO;
				CLANG_CXX_LANGUAGE_STANDARD = "gnu++0x";
				CLANG_CXX_LIBRARY = "libc++";
				CLANG_ENABLE_MODULES = YES;
				CLANG_ENABLE_OBJC_ARC = YES;
				CLANG_WARN_BLOCK_CAPTURE_AUTORELEASING = YES;
				CLANG_WARN_BOOL_CONVERSION = YES;
				CLANG_WARN_COMMA = YES;
				CLANG_WARN_CONSTANT_CONVERSION = YES;
				CLANG_WARN_DEPRECATED_OBJC_IMPLEMENTATIONS = YES;
				CLANG_WARN_DIRECT_OBJC_ISA_USAGE = YES_ERROR;
				CLANG_WARN_EMPTY_BODY = YES;
				CLANG_WARN_ENUM_CONVERSION = YES;
				CLANG_WARN_INFINITE_RECURSION = YES;
				CLANG_WARN_INT_CONVERSION = YES;
				CLANG_WARN_NON_LITERAL_NULL_CONVERSION = YES;
				CLANG_WARN_OBJC_IMPLICIT_RETAIN_SELF = YES;
				CLANG_WARN_OBJC_LITERAL_CONVERSION = YES;
				CLANG_WARN_OBJC_ROOT_CLASS = YES_ERROR;
				CLANG_WARN_RANGE_LOOP_ANALYSIS = YES;
				CLANG_WARN_STRICT_PROTOTYPES = YES;
				CLANG_WARN_SUSPICIOUS_MOVE = YES;
				CLANG_WARN_UNREACHABLE_CODE = YES;
				CLANG_WARN__DUPLICATE_METHOD_MATCH = YES;
				"CODE_SIGN_IDENTITY[sdk=iphoneos*]" = "iPhone Developer";
				COPY_PHASE_STRIP = NO;
				ENABLE_STRICT_OBJC_MSGSEND = YES;
				ENABLE_TESTABILITY = YES;
				GCC_C_LANGUAGE_STANDARD = gnu99;
				GCC_DYNAMIC_NO_PIC = NO;
				GCC_NO_COMMON_BLOCKS = YES;
				GCC_OPTIMIZATION_LEVEL = 0;
				GCC_PREPROCESSOR_DEFINITIONS = (
					"DEBUG=1",
					"$(inherited)",
				);
				GCC_SYMBOLS_PRIVATE_EXTERN = NO;
				GCC_WARN_64_TO_32_BIT_CONVERSION = YES;
				GCC_WARN_ABOUT_RETURN_TYPE = YES_ERROR;
				GCC_WARN_UNDECLARED_SELECTOR = YES;
				GCC_WARN_UNINITIALIZED_AUTOS = YES_AGGRESSIVE;
				GCC_WARN_UNUSED_FUNCTION = YES;
				GCC_WARN_UNUSED_VARIABLE = YES;
				IPHONEOS_DEPLOYMENT_TARGET = 10.0;
				ONLY_ACTIVE_ARCH = YES;
				SDKROOT = iphoneos;
				TARGETED_DEVICE_FAMILY = "1,2";
			};
			name = Debug;
		};
		6003F5BE195388D20070C39A /* Release */ = {
			isa = XCBuildConfiguration;
			buildSettings = {
				ALWAYS_SEARCH_USER_PATHS = NO;
				CLANG_CXX_LANGUAGE_STANDARD = "gnu++0x";
				CLANG_CXX_LIBRARY = "libc++";
				CLANG_ENABLE_MODULES = YES;
				CLANG_ENABLE_OBJC_ARC = YES;
				CLANG_WARN_BLOCK_CAPTURE_AUTORELEASING = YES;
				CLANG_WARN_BOOL_CONVERSION = YES;
				CLANG_WARN_COMMA = YES;
				CLANG_WARN_CONSTANT_CONVERSION = YES;
				CLANG_WARN_DEPRECATED_OBJC_IMPLEMENTATIONS = YES;
				CLANG_WARN_DIRECT_OBJC_ISA_USAGE = YES_ERROR;
				CLANG_WARN_EMPTY_BODY = YES;
				CLANG_WARN_ENUM_CONVERSION = YES;
				CLANG_WARN_INFINITE_RECURSION = YES;
				CLANG_WARN_INT_CONVERSION = YES;
				CLANG_WARN_NON_LITERAL_NULL_CONVERSION = YES;
				CLANG_WARN_OBJC_IMPLICIT_RETAIN_SELF = YES;
				CLANG_WARN_OBJC_LITERAL_CONVERSION = YES;
				CLANG_WARN_OBJC_ROOT_CLASS = YES_ERROR;
				CLANG_WARN_RANGE_LOOP_ANALYSIS = YES;
				CLANG_WARN_STRICT_PROTOTYPES = YES;
				CLANG_WARN_SUSPICIOUS_MOVE = YES;
				CLANG_WARN_UNREACHABLE_CODE = YES;
				CLANG_WARN__DUPLICATE_METHOD_MATCH = YES;
				"CODE_SIGN_IDENTITY[sdk=iphoneos*]" = "iPhone Developer";
				COPY_PHASE_STRIP = YES;
				ENABLE_NS_ASSERTIONS = NO;
				ENABLE_STRICT_OBJC_MSGSEND = YES;
				GCC_C_LANGUAGE_STANDARD = gnu99;
				GCC_NO_COMMON_BLOCKS = YES;
				GCC_WARN_64_TO_32_BIT_CONVERSION = YES;
				GCC_WARN_ABOUT_RETURN_TYPE = YES_ERROR;
				GCC_WARN_UNDECLARED_SELECTOR = YES;
				GCC_WARN_UNINITIALIZED_AUTOS = YES_AGGRESSIVE;
				GCC_WARN_UNUSED_FUNCTION = YES;
				GCC_WARN_UNUSED_VARIABLE = YES;
				IPHONEOS_DEPLOYMENT_TARGET = 10.0;
				SDKROOT = iphoneos;
				SWIFT_COMPILATION_MODE = wholemodule;
				TARGETED_DEVICE_FAMILY = "1,2";
				VALIDATE_PRODUCT = YES;
			};
			name = Release;
		};
		6003F5C3195388D20070C39A /* Debug */ = {
			isa = XCBuildConfiguration;
			baseConfigurationReference = B23DD8A9E3EE161BF317379D /* Pods-CircuitSDK_Tests.debug.xcconfig */;
			buildSettings = {
				ALWAYS_EMBED_SWIFT_STANDARD_LIBRARIES = YES;
				DEVELOPMENT_TEAM = "";
				FRAMEWORK_SEARCH_PATHS = (
					"$(SDKROOT)/Developer/Library/Frameworks",
					"$(inherited)",
					"$(DEVELOPER_FRAMEWORKS_DIR)",
				);
				GCC_PRECOMPILE_PREFIX_HEADER = YES;
				GCC_PREFIX_HEADER = "Tests/Tests-Prefix.pch";
				GCC_PREPROCESSOR_DEFINITIONS = (
					"DEBUG=1",
					"$(inherited)",
				);
				INFOPLIST_FILE = "Tests/Tests-Info.plist";
				PRODUCT_BUNDLE_IDENTIFIER = "org.cocoapods.demo.${PRODUCT_NAME:rfc1034identifier}";
				PRODUCT_NAME = "$(TARGET_NAME)";
				WRAPPER_EXTENSION = xctest;
			};
			name = Debug;
		};
		6003F5C4195388D20070C39A /* Release */ = {
			isa = XCBuildConfiguration;
			baseConfigurationReference = 97D431B562D17D95F253F8E3 /* Pods-CircuitSDK_Tests.release.xcconfig */;
			buildSettings = {
				ALWAYS_EMBED_SWIFT_STANDARD_LIBRARIES = YES;
				DEVELOPMENT_TEAM = "";
				FRAMEWORK_SEARCH_PATHS = (
					"$(SDKROOT)/Developer/Library/Frameworks",
					"$(inherited)",
					"$(DEVELOPER_FRAMEWORKS_DIR)",
				);
				GCC_PRECOMPILE_PREFIX_HEADER = YES;
				GCC_PREFIX_HEADER = "Tests/Tests-Prefix.pch";
				INFOPLIST_FILE = "Tests/Tests-Info.plist";
				PRODUCT_BUNDLE_IDENTIFIER = "org.cocoapods.demo.${PRODUCT_NAME:rfc1034identifier}";
				PRODUCT_NAME = "$(TARGET_NAME)";
				WRAPPER_EXTENSION = xctest;
			};
			name = Release;
		};
		E6E5F66D1FD94AFB00E5515B /* Debug */ = {
			isa = XCBuildConfiguration;
			baseConfigurationReference = E116D84F00A416EB3DF3951E /* Pods-SampleApp.debug.xcconfig */;
			buildSettings = {
				ASSETCATALOG_COMPILER_APPICON_NAME = AppIcon;
				CLANG_ANALYZER_NONNULL = YES;
				CLANG_ANALYZER_NUMBER_OBJECT_CONVERSION = YES_AGGRESSIVE;
				CLANG_CXX_LANGUAGE_STANDARD = "gnu++14";
				CLANG_WARN_BLOCK_CAPTURE_AUTORELEASING = YES;
				CLANG_WARN_COMMA = YES;
				CLANG_WARN_DOCUMENTATION_COMMENTS = YES;
				CLANG_WARN_INFINITE_RECURSION = YES;
				CLANG_WARN_NON_LITERAL_NULL_CONVERSION = YES;
				CLANG_WARN_OBJC_LITERAL_CONVERSION = YES;
				CLANG_WARN_RANGE_LOOP_ANALYSIS = YES;
				CLANG_WARN_STRICT_PROTOTYPES = YES;
				CLANG_WARN_SUSPICIOUS_MOVE = YES;
				CLANG_WARN_UNGUARDED_AVAILABILITY = YES_AGGRESSIVE;
				CLANG_WARN_UNREACHABLE_CODE = YES;
				CODE_SIGN_IDENTITY = "iPhone Developer";
				"CODE_SIGN_IDENTITY[sdk=iphoneos*]" = "iPhone Developer";
				CODE_SIGN_STYLE = Automatic;
				DEBUG_INFORMATION_FORMAT = dwarf;
				DEVELOPMENT_TEAM = 4XGDRF4ETY;
				ENABLE_STRICT_OBJC_MSGSEND = YES;
				GCC_C_LANGUAGE_STANDARD = gnu11;
				GCC_NO_COMMON_BLOCKS = YES;
				INFOPLIST_FILE = SampleApp/Info.plist;
				IPHONEOS_DEPLOYMENT_TARGET = 10.0;
				LD_RUNPATH_SEARCH_PATHS = "$(inherited) @executable_path/Frameworks";
				MTL_ENABLE_DEBUG_INFO = YES;
				PRODUCT_BUNDLE_IDENTIFIER = com.unify.SampleApp;
				PRODUCT_NAME = "$(TARGET_NAME)";
				PROVISIONING_PROFILE_SPECIFIER = "";
				SWIFT_ACTIVE_COMPILATION_CONDITIONS = DEBUG;
				SWIFT_OPTIMIZATION_LEVEL = "-Onone";
				SWIFT_SWIFT3_OBJC_INFERENCE = Default;
				SWIFT_VERSION = 4.2;
				TARGETED_DEVICE_FAMILY = 1;
			};
			name = Debug;
		};
		E6E5F66E1FD94AFB00E5515B /* Release */ = {
			isa = XCBuildConfiguration;
			baseConfigurationReference = B6BC52C7FDE8F0922EEED987 /* Pods-SampleApp.release.xcconfig */;
			buildSettings = {
				ASSETCATALOG_COMPILER_APPICON_NAME = AppIcon;
				CLANG_ANALYZER_NONNULL = YES;
				CLANG_ANALYZER_NUMBER_OBJECT_CONVERSION = YES_AGGRESSIVE;
				CLANG_CXX_LANGUAGE_STANDARD = "gnu++14";
				CLANG_WARN_BLOCK_CAPTURE_AUTORELEASING = YES;
				CLANG_WARN_COMMA = YES;
				CLANG_WARN_DOCUMENTATION_COMMENTS = YES;
				CLANG_WARN_INFINITE_RECURSION = YES;
				CLANG_WARN_NON_LITERAL_NULL_CONVERSION = YES;
				CLANG_WARN_OBJC_LITERAL_CONVERSION = YES;
				CLANG_WARN_RANGE_LOOP_ANALYSIS = YES;
				CLANG_WARN_STRICT_PROTOTYPES = YES;
				CLANG_WARN_SUSPICIOUS_MOVE = YES;
				CLANG_WARN_UNGUARDED_AVAILABILITY = YES_AGGRESSIVE;
				CLANG_WARN_UNREACHABLE_CODE = YES;
				CODE_SIGN_IDENTITY = "iPhone Developer";
				"CODE_SIGN_IDENTITY[sdk=iphoneos*]" = "iPhone Developer";
				CODE_SIGN_STYLE = Automatic;
				COPY_PHASE_STRIP = NO;
				DEBUG_INFORMATION_FORMAT = "dwarf-with-dsym";
				DEVELOPMENT_TEAM = 4XGDRF4ETY;
				ENABLE_STRICT_OBJC_MSGSEND = YES;
				GCC_C_LANGUAGE_STANDARD = gnu11;
				GCC_NO_COMMON_BLOCKS = YES;
				INFOPLIST_FILE = SampleApp/Info.plist;
				IPHONEOS_DEPLOYMENT_TARGET = 10.0;
				LD_RUNPATH_SEARCH_PATHS = "$(inherited) @executable_path/Frameworks";
				MTL_ENABLE_DEBUG_INFO = NO;
				PRODUCT_BUNDLE_IDENTIFIER = com.unify.SampleApp;
				PRODUCT_NAME = "$(TARGET_NAME)";
				PROVISIONING_PROFILE_SPECIFIER = "";
				SWIFT_OPTIMIZATION_LEVEL = "-Owholemodule";
				SWIFT_SWIFT3_OBJC_INFERENCE = Default;
				SWIFT_VERSION = 4.2;
				TARGETED_DEVICE_FAMILY = 1;
			};
			name = Release;
		};
/* End XCBuildConfiguration section */

/* Begin XCConfigurationList section */
		6003F585195388D10070C39A /* Build configuration list for PBXProject "CircuitSDK" */ = {
			isa = XCConfigurationList;
			buildConfigurations = (
				6003F5BD195388D20070C39A /* Debug */,
				6003F5BE195388D20070C39A /* Release */,
			);
			defaultConfigurationIsVisible = 0;
			defaultConfigurationName = Release;
		};
		6003F5C2195388D20070C39A /* Build configuration list for PBXNativeTarget "CircuitSDK_Tests" */ = {
			isa = XCConfigurationList;
			buildConfigurations = (
				6003F5C3195388D20070C39A /* Debug */,
				6003F5C4195388D20070C39A /* Release */,
			);
			defaultConfigurationIsVisible = 0;
			defaultConfigurationName = Release;
		};
		E6E5F66F1FD94AFB00E5515B /* Build configuration list for PBXNativeTarget "SampleApp" */ = {
			isa = XCConfigurationList;
			buildConfigurations = (
				E6E5F66D1FD94AFB00E5515B /* Debug */,
				E6E5F66E1FD94AFB00E5515B /* Release */,
			);
			defaultConfigurationIsVisible = 0;
			defaultConfigurationName = Release;
		};
/* End XCConfigurationList section */
	};
	rootObject = 6003F582195388D10070C39A /* Project object */;
}
